
Microsoft Visual Studio Solution File, Format Version 12.00
# Visual Studio Version 16
VisualStudioVersion = 16.0.30114.105
MinimumVisualStudioVersion = 10.0.40219.1
Project("{FAE04EC0-301F-11D3-BF4B-00C04F79EFBC}") = "API", "API\API.csproj", "{DB3B67FE-BD8F-4731-9529-73155D1E24AB}"
EndProject
Project("{FAE04EC0-301F-11D3-BF4B-00C04F79EFBC}") = "Application", "Application\Application.csproj", "{22E157FF-56C2-46DC-B038-D45C1F77FA12}"
EndProject
Project("{FAE04EC0-301F-11D3-BF4B-00C04F79EFBC}") = "Persistence", "Persistence\Persistence.csproj", "{84A0CCA6-062F-4F7D-8413-4518EE424F79}"
EndProject
Project("{FAE04EC0-301F-11D3-BF4B-00C04F79EFBC}") = "Domain", "Domain\Domain.csproj", "{E1347CD9-A289-41AD-BAE5-6BE5D6808830}"
EndProject
Global
	GlobalSection(SolutionConfigurationPlatforms) = preSolution
		Debug|Any CPU = Debug|Any CPU
		Release|Any CPU = Release|Any CPU
	EndGlobalSection
	GlobalSection(SolutionProperties) = preSolution
		HideSolutionNode = FALSE
	EndGlobalSection
	GlobalSection(ProjectConfigurationPlatforms) = postSolution
		{DB3B67FE-BD8F-4731-9529-73155D1E24AB}.Debug|Any CPU.ActiveCfg = Debug|Any CPU
		{DB3B67FE-BD8F-4731-9529-73155D1E24AB}.Debug|Any CPU.Build.0 = Debug|Any CPU
		{DB3B67FE-BD8F-4731-9529-73155D1E24AB}.Release|Any CPU.ActiveCfg = Release|Any CPU
		{DB3B67FE-BD8F-4731-9529-73155D1E24AB}.Release|Any CPU.Build.0 = Release|Any CPU
		{22E157FF-56C2-46DC-B038-D45C1F77FA12}.Debug|Any CPU.ActiveCfg = Debug|Any CPU
		{22E157FF-56C2-46DC-B038-D45C1F77FA12}.Debug|Any CPU.Build.0 = Debug|Any CPU
		{22E157FF-56C2-46DC-B038-D45C1F77FA12}.Release|Any CPU.ActiveCfg = Release|Any CPU
		{22E157FF-56C2-46DC-B038-D45C1F77FA12}.Release|Any CPU.Build.0 = Release|Any CPU
		{84A0CCA6-062F-4F7D-8413-4518EE424F79}.Debug|Any CPU.ActiveCfg = Debug|Any CPU
		{84A0CCA6-062F-4F7D-8413-4518EE424F79}.Debug|Any CPU.Build.0 = Debug|Any CPU
		{84A0CCA6-062F-4F7D-8413-4518EE424F79}.Release|Any CPU.ActiveCfg = Release|Any CPU
		{84A0CCA6-062F-4F7D-8413-4518EE424F79}.Release|Any CPU.Build.0 = Release|Any CPU
		{E1347CD9-A289-41AD-BAE5-6BE5D6808830}.Debug|Any CPU.ActiveCfg = Debug|Any CPU
		{E1347CD9-A289-41AD-BAE5-6BE5D6808830}.Debug|Any CPU.Build.0 = Debug|Any CPU
		{E1347CD9-A289-41AD-BAE5-6BE5D6808830}.Release|Any CPU.ActiveCfg = Release|Any CPU
		{E1347CD9-A289-41AD-BAE5-6BE5D6808830}.Release|Any CPU.Build.0 = Release|Any CPU
	EndGlobalSection
EndGlobal
